
Microsoft Visual Studio Solution File, Format Version 12.00
# Visual Studio 14
VisualStudioVersion = 14.0.24627.0
MinimumVisualStudioVersion = 10.0.40219.1
Project("{8BC9CEB8-8B4A-11D0-8D11-00A0C91BC942}") = "BB8Remote", "BB8Remote\BB8Remote.vcxproj", "{425DE922-2B5B-4583-8963-C16570B65B25}"
EndProject
Global
	GlobalSection(SolutionConfigurationPlatforms) = preSolution
		Debug|ARM = Debug|ARM
		Release|ARM = Release|ARM
	EndGlobalSection
	GlobalSection(ProjectConfigurationPlatforms) = postSolution
		{425DE922-2B5B-4583-8963-C16570B65B25}.Debug|ARM.ActiveCfg = Debug|ARM
		{425DE922-2B5B-4583-8963-C16570B65B25}.Debug|ARM.Build.0 = Debug|ARM
		{425DE922-2B5B-4583-8963-C16570B65B25}.Release|ARM.ActiveCfg = Release|ARM
		{425DE922-2B5B-4583-8963-C16570B65B25}.Release|ARM.Build.0 = Release|ARM
	EndGlobalSection
	GlobalSection(SolutionProperties) = preSolution
		HideSolutionNode = FALSE
	EndGlobalSection
EndGlobal
